{
  "requires": true,
  "lockfileVersion": 1,
  "dependencies": {
    "react-currency-input-field": {
      "version": "3.4.2",
      "resolved": "https://registry.npmjs.org/react-currency-input-field/-/react-currency-input-field-3.4.2.tgz",
      "integrity": "sha512-NS7hMzqduEglbXcYSSqTqEwYSnMB5CFWA63jScq2VM9WB01jGgwMLNpkXGYGTAzFiyoi8QDck55GNsWf+bnV0A=="
    }
  }
}
